
Microsoft Visual Studio Solution File, Format Version 12.00
# Visual Studio Version 16
VisualStudioVersion = 16.0.29926.136
MinimumVisualStudioVersion = 10.0.40219.1
Project("{9A19103F-16F7-4668-BE54-9A1E7A4F7556}") = "CVService.Api", "CVService.Api\CVService.Api.csproj", "{8B33906A-0D5B-4239-8CD8-4584B8E0C708}"
EndProject
Project("{FAE04EC0-301F-11D3-BF4B-00C04F79EFBC}") = "CVService.Api.Tests", "CVService.Api.Tests\CVService.Api.Tests.csproj", "{90F23848-9A8D-4D8F-88AB-5EB8E81F4F2D}"
EndProject
Global
	GlobalSection(SolutionConfigurationPlatforms) = preSolution
		Debug|Any CPU = Debug|Any CPU
		Release|Any CPU = Release|Any CPU
	EndGlobalSection
	GlobalSection(ProjectConfigurationPlatforms) = postSolution
		{8B33906A-0D5B-4239-8CD8-4584B8E0C708}.Debug|Any CPU.ActiveCfg = Debug|Any CPU
		{8B33906A-0D5B-4239-8CD8-4584B8E0C708}.Debug|Any CPU.Build.0 = Debug|Any CPU
		{8B33906A-0D5B-4239-8CD8-4584B8E0C708}.Release|Any CPU.ActiveCfg = Release|Any CPU
		{8B33906A-0D5B-4239-8CD8-4584B8E0C708}.Release|Any CPU.Build.0 = Release|Any CPU
		{90F23848-9A8D-4D8F-88AB-5EB8E81F4F2D}.Debug|Any CPU.ActiveCfg = Debug|Any CPU
		{90F23848-9A8D-4D8F-88AB-5EB8E81F4F2D}.Debug|Any CPU.Build.0 = Debug|Any CPU
		{90F23848-9A8D-4D8F-88AB-5EB8E81F4F2D}.Release|Any CPU.ActiveCfg = Release|Any CPU
		{90F23848-9A8D-4D8F-88AB-5EB8E81F4F2D}.Release|Any CPU.Build.0 = Release|Any CPU
	EndGlobalSection
	GlobalSection(SolutionProperties) = preSolution
		HideSolutionNode = FALSE
	EndGlobalSection
	GlobalSection(ExtensibilityGlobals) = postSolution
		SolutionGuid = {028E6EA6-6D16-4F4C-9C2A-CB687CAE6669}
	EndGlobalSection
EndGlobal
